
Microsoft Visual Studio Solution File, Format Version 12.00
# Visual Studio Version 17
VisualStudioVersion = 17.2.32616.157
MinimumVisualStudioVersion = 10.0.40219.1
Project("{9A19103F-16F7-4668-BE54-9A1E7A4F7556}") = "VendasLanche", "VendasLanche\VendasLanche.csproj", "{47977ADF-5A13-48BA-A015-CB4A44A83852}"
EndProject
Global
	GlobalSection(SolutionConfigurationPlatforms) = preSolution
		Debug|Any CPU = Debug|Any CPU
		Release|Any CPU = Release|Any CPU
	EndGlobalSection
	GlobalSection(ProjectConfigurationPlatforms) = postSolution
		{47977ADF-5A13-48BA-A015-CB4A44A83852}.Debug|Any CPU.ActiveCfg = Debug|Any CPU
		{47977ADF-5A13-48BA-A015-CB4A44A83852}.Debug|Any CPU.Build.0 = Debug|Any CPU
		{47977ADF-5A13-48BA-A015-CB4A44A83852}.Release|Any CPU.ActiveCfg = Release|Any CPU
		{47977ADF-5A13-48BA-A015-CB4A44A83852}.Release|Any CPU.Build.0 = Release|Any CPU
	EndGlobalSection
	GlobalSection(SolutionProperties) = preSolution
		HideSolutionNode = FALSE
	EndGlobalSection
	GlobalSection(ExtensibilityGlobals) = postSolution
		SolutionGuid = {F05A0430-D5BB-4ABF-91FC-7BB9258AFB09}
	EndGlobalSection
EndGlobal
